lockfileVersion: '9.0'

settings:
  autoInstallPeers: true
  excludeLinksFromLockfile: false

overrides:
  glob: ^10.3.10
  inflight: npm:@zkochan/inflight@1.0.7

importers:

  .:
    dependencies:
      concurrently:
        specifier: ^9.1.2
        version: 9.1.2

  frontend-lynx:
    dependencies:
      react:
        specifier: ^19.1.0
        version: 19.1.0
      react-dom:
        specifier: ^19.1.0
        version: 19.1.0(react@19.1.0)
    devDependencies:
      '@rsbuild/core':
        specifier: ^1.3.1
        version: 1.3.6
      '@rsbuild/plugin-react':
        specifier: ^1.1.1
        version: 1.2.0(@rsbuild/core@1.3.6)
      '@types/react':
        specifier: ^19.1.0
        version: 19.1.1
      '@types/react-dom':
        specifier: ^19.1.1
        version: 19.1.2(@types/react@19.1.1)
      typescript:
        specifier: ^5.8.2
        version: 5.8.3

  frontend-web:
    dependencies:
      file-type:
        specifier: 21.3.1
        version: 21.3.1
    devDependencies:
      pnpm:
        specifier: ^10.28.2
        version: 10.28.2

packages:

  '@borewit/text-codec@0.2.1':
    resolution: {integrity: sha512-k7vvKPbf7J2fZ5klGRD9AeKfUvojuZIQ3BT5u7Jfv+puwXkUBUT5PVyMDfJZpy30CBDXGMgw7fguK/lpOMBvgw==}

  '@module-federation/error-codes@0.11.2':
    resolution: {integrity: sha512-ik1Qnn0I+WyEdprTck9WGlH41vGsVdUg8cfO+ZM02qOb2cZm5Vu3SlxGAobj6g7uAj0g8yINnd7h7Dci40BxQA==}

  '@module-federation/runtime-core@0.11.2':
    resolution: {integrity: sha512-dia5kKybi6MFU0s5PgglJwN27k7n9Sf69Cy5xZ4BWaP0qlaXTsxHKO0PECHNt2Pt8jDdyU29sQ4DwAQfxpnXJQ==}

  '@module-federation/runtime-tools@0.11.2':
    resolution: {integrity: sha512-4MJTGAxVq6vxQRkTtTlH7Mm9AVqgn0X9kdu+7RsL7T/qU+jeYsbrntN2CWG3GVVA8r5JddXyTI1iJ0VXQZLV1w==}

  '@module-federation/runtime@0.11.2':
    resolution: {integrity: sha512-Ya9u/L6z2LvhgpqxuKCB7LcigIIRf1BbaxAZIH7mzbq/A7rZtTP7v+73E433jvgiAlbAfPSZkeoYGele6hfRwA==}

  '@module-federation/sdk@0.11.2':
    resolution: {integrity: sha512-SBFe5xOamluT900J4AGBx+2/kCH/JbfqXoUwPSAC6PRzb8Y7LB0posnOGzmqYsLZXT37vp3d6AmJDsVoajDqxw==}

  '@module-federation/webpack-bundler-runtime@0.11.2':
    resolution: {integrity: sha512-WdwIE6QF+MKs/PdVu0cKPETF743JB9PZ62/qf7Uo3gU4fjsUMc37RnbJZ/qB60EaHHfjwp1v6NnhZw1r4eVsnw==}

  '@rsbuild/core@1.3.6':
    resolution: {integrity: sha512-ZuwqoqVkuX4Nmpzg+Kvn9zW26CBGE+iod+iF8J96tOpBWYyCwuSJlZQuTZaBQBOaOrv+CWf9r2d37TvI8nvEgg==}
    engines: {node: '>=16.7.0'}
    hasBin: true

  '@rsbuild/plugin-react@1.2.0':
    resolution: {integrity: sha512-TXd0cvcLPF7OrO215vlGSyRXD6Fc3KQWhFuXFKOtRYp+C1Vc9oeW0GopUIStv2pI2/xtv2XX8GOAdJsnsc6lkA==}
    peerDependencies:
      '@rsbuild/core': 1.x

  '@rspack/binding-darwin-arm64@1.3.4':
    resolution: {integrity: sha512-cVfzvtVf05VumGrxFz9Tk0QHk4jWBcQBNQuaql2enco8NKnzuX+v0+VP2mbNfvgICBgrHWKRYinAX5IxTEJdCw==}
    cpu: [arm64]
    os: [darwin]

  '@rspack/binding-darwin-x64@1.3.4':
    resolution: {integrity: sha512-vXzf8xI+njdOSXGyI39lqkH/bSwyrx4jXW9+Pj2zbmRJVHZVyJsrx4kSpOoZX5zx/a7BbvuHRwrmmJS2HEOobw==}
    cpu: [x64]
    os: [darwin]

  '@rspack/binding-linux-arm64-gnu@1.3.4':
    resolution: {integrity: sha512-c45kQrqzR05Jc62oAetiAXrnPWhyt3Pz1h2LF62OW8SYXxdBskAKpWntTts/T96HMLqNPH3MAfDKxyfOb/n0eQ==}
    cpu: [arm64]
    os: [linux]

  '@rspack/binding-linux-arm64-musl@1.3.4':
    resolution: {integrity: sha512-/dUvkcBVnV95tA7BpeA6IZhrbpwxFzvgU6qF/iKxyHdMjwHdjn1Um7nR00TPOn/SIHzljafHpL6CuVTLNB5xvA==}
    cpu: [arm64]
    os: [linux]

  '@rspack/binding-linux-x64-gnu@1.3.4':
    resolution: {integrity: sha512-jZgGKoH7RyqJbyEcvhEE9wqK6mwoWxLF3c3LD2+e+dKVcO5iCfMuulCGdzUnYyvH97CtvN5j0/20PErRXubyjg==}
    cpu: [x64]
    os: [linux]

  '@rspack/binding-linux-x64-musl@1.3.4':
    resolution: {integrity: sha512-Xko8mZ598vQDubig4rLTuCDjXplSDJbJEg6B3NykGaE6CMH2bI/6KJfVKEKo25ayNzoouT/1MxyOxB4mQuspbA==}
    cpu: [x64]
    os: [linux]

  '@rspack/binding-win32-arm64-msvc@1.3.4':
    resolution: {integrity: sha512-Q+pU/MRylYB3XoNTM1LYPxWV1KUxeZY6R54twtoDFXhZn/PDflP7qH1BHQ0KN50HuG5ZK89CaFSPMF7+vs6HNA==}
    cpu: [arm64]
    os: [win32]

  '@rspack/binding-win32-ia32-msvc@1.3.4':
    resolution: {integrity: sha512-aqP/l+YAG4L9I1klW3uSq+olafw8xzAP+4cd/Nyy2SSDnhWsDgawxJyO6FIeM+hXwC73ChH9pcXHGgEC7iCcHw==}
    cpu: [ia32]
    os: [win32]

  '@rspack/binding-win32-x64-msvc@1.3.4':
    resolution: {integrity: sha512-xDU1njA1gIzIL6Nt5ARW4vWeVgwf00i7tPONg+6fJyMgwuFfwq2qEG7UFSBOedYjsSTCW+UoBh7riN7lRiFIvw==}
    cpu: [x64]
    os: [win32]

  '@rspack/binding@1.3.4':
    resolution: {integrity: sha512-wDRqqNfrVXuHAEm25mPlhroKN+v4uwhihVnZF4duz0I0L5rbsUNCy7uEda0GrBXkj3jkKLfg60mSd9MCZD0JZw==}

  '@rspack/core@1.3.4':
    resolution: {integrity: sha512-NIIk/0XUkyU9G8eby6kKO3YFpeDn8RsUIzNuElcfi1rWuuK+NLasDqUYOFqqlNBKnZpmtZ+SXAV9jE5k/i3uwg==}
    engines: {node: '>=16.0.0'}
    peerDependencies:
      '@rspack/tracing': ^1.x
      '@swc/helpers': '>=0.5.1'
    peerDependenciesMeta:
      '@rspack/tracing':
        optional: true
      '@swc/helpers':
        optional: true

  '@rspack/lite-tapable@1.0.1':
    resolution: {integrity: sha512-VynGOEsVw2s8TAlLf/uESfrgfrq2+rcXB1muPJYBWbsm1Oa6r5qVQhjA5ggM6z/coYPrsVMgovl3Ff7Q7OCp1w==}
    engines: {node: '>=16.0.0'}

  '@rspack/plugin-react-refresh@1.2.0':
    resolution: {integrity: sha512-DTsbtggCfsiXE5QQtYMS8rKfEF8GIjwPDbgIT6Kg8BlAjpJY4jT5IisyhfIi7YOT3d5RIvu60iFB6Kr9sSMsnA==}
    peerDependencies:
      react-refresh: '>=0.10.0 <1.0.0'
      webpack-hot-middleware: 2.x
    peerDependenciesMeta:
      webpack-hot-middleware:
        optional: true

  '@swc/helpers@0.5.17':
    resolution: {integrity: sha512-5IKx/Y13RsYd+sauPb2x+U/xZikHjolzfuDgTAl/Tdf3Q8rslRvC19NKDLgAJQ6wsqADk10ntlv08nPFw/gO/A==}

  '@tokenizer/inflate@0.4.1':
    resolution: {integrity: sha512-2mAv+8pkG6GIZiF1kNg1jAjh27IDxEPKwdGul3snfztFerfPGI1LjDezZp3i7BElXompqEtPmoPx6c2wgtWsOA==}
    engines: {node: '>=18'}

  '@tokenizer/token@0.3.0':
    resolution: {integrity: sha512-OvjF+z51L3ov0OyAU0duzsYuvO01PH7x4t6DJx+guahgTnBHkhJdG7soQeTSFLWN3efnHyibZ4Z8l2EuWwJN3A==}

  '@types/react-dom@19.1.2':
    resolution: {integrity: sha512-XGJkWF41Qq305SKWEILa1O8vzhb3aOo3ogBlSmiqNko/WmRb6QIaweuZCXjKygVDXpzXb5wyxKTSOsmkuqj+Qw==}
    peerDependencies:
      '@types/react': ^19.0.0

  '@types/react@19.1.1':
    resolution: {integrity: sha512-ePapxDL7qrgqSF67s0h9m412d9DbXyC1n59O2st+9rjuuamWsZuD2w55rqY12CbzsZ7uVXb5Nw0gEp9Z8MMutQ==}

  ansi-regex@5.0.1:
    resolution: {integrity: sha512-quJQXlTSUGL2LH9SUXo8VwsY4soanhgo6LNSm84E1LBcE8s3O0wpdiRzyR9z/ZZJMlMWv37qOOb9pdJlMUEKFQ==}
    engines: {node: '>=8'}

  ansi-styles@4.3.0:
    resolution: {integrity: sha512-zbB9rCJAT1rbjiVDb2hqKFHNYLxgtk8NURxZ3IZwD3F6NtxbXZQCnnSi1Lkx+IDohdPlFp222wVALIheZJQSEg==}
    engines: {node: '>=8'}

  caniuse-lite@1.0.30001713:
    resolution: {integrity: sha512-wCIWIg+A4Xr7NfhTuHdX+/FKh3+Op3LBbSp2N5Pfx6T/LhdQy3GTyoTg48BReaW/MyMNZAkTadsBtai3ldWK0Q==}

  chalk@4.1.2:
    resolution: {integrity: sha512-oKnbhFyRIXpUuez8iBMmyEa4nbj4IOQyuhc/wy9kY7/WVPcwIO9VA668Pu8RkO7+0G76SLROeyw9CpQ061i4mA==}
    engines: {node: '>=10'}

  cliui@8.0.1:
    resolution: {integrity: sha512-BSeNnyus75C4//NQ9gQt1/csTXyo/8Sb+afLAkzAptFuMsod9HFokGNudZpi/oQV73hnVK+sR+5PVRMd+Dr7YQ==}
    engines: {node: '>=12'}

  color-convert@2.0.1:
    resolution: {integrity: sha512-RRECPsj7iu/xb5oKYcsFHSppFNnsj/52OVTRKb4zP5onXwVF3zVmmToNcOfGC+CRDpfK/U584fMg38ZHCaElKQ==}
    engines: {node: '>=7.0.0'}

  color-name@1.1.4:
    resolution: {integrity: sha512-dOy+3AuW3a2wNbZHIuMZpTcgjGuLU/uBL/ubcZF9OXbDo8ff4O8yVp5Bf0efS8uEoYo5q4Fx7dY9OgQGXgAsQA==}

  concurrently@9.1.2:
    resolution: {integrity: sha512-H9MWcoPsYddwbOGM6difjVwVZHl63nwMEwDJG/L7VGtuaJhb12h2caPG2tVPWs7emuYix252iGfqOyrz1GczTQ==}
    engines: {node: '>=18'}
    hasBin: true

  core-js@3.41.0:
    resolution: {integrity: sha512-SJ4/EHwS36QMJd6h/Rg+GyR4A5xE0FSI3eZ+iBVpfqf1x0eTSg1smWLHrA+2jQThZSh97fmSgFSU8B61nxosxA==}

  csstype@3.1.3:
    resolution: {integrity: sha512-M1uQkMl8rQK/szD0LNhtqxIPLpimGm8sOBwU7lLnCpSbTyY3yeU1Vc7l4KT5zT4s/yOxHH5O7tIuuLOCnLADRw==}

  debug@4.4.3:
    resolution: {integrity: sha512-RGwwWnwQvkVfavKVt22FGLw+xYSdzARwm0ru6DhTVA3umU5hZc28V3kO4stgYryrTlLpuvgI9GiijltAjNbcqA==}
    engines: {node: '>=6.0'}
    peerDependencies:
      supports-color: '*'
    peerDependenciesMeta:
      supports-color:
        optional: true

  emoji-regex@8.0.0:
    resolution: {integrity: sha512-MSjYzcWNOA0ewAHpz0MxpYFvwg6yjy1NG3xteoqz644VCo/RPgnr1/GGt+ic3iJTzQ8Eu3TdM14SawnVUmGE6A==}

  error-stack-parser@2.1.4:
    resolution: {integrity: sha512-Sk5V6wVazPhq5MhpO+AUxJn5x7XSXGl1R93Vn7i+zS15KDVxQijejNCrz8340/2bgLBjR9GtEG8ZVKONDjcqGQ==}

  escalade@3.2.0:
    resolution: {integrity: sha512-WUj2qlxaQtO4g6Pq5c29GTcWGDyd8itL8zTlipgECz3JesAiiOKotd8JU6otB3PACgG6xkJUyVhboMS+bje/jA==}
    engines: {node: '>=6'}

  file-type@21.3.1:
    resolution: {integrity: sha512-SrzXX46I/zsRDjTb82eucsGg0ODq2NpGDp4HcsFKApPy8P8vACjpJRDoGGMfEzhFC0ry61ajd7f72J3603anBA==}
    engines: {node: '>=20'}

  get-caller-file@2.0.5:
    resolution: {integrity: sha512-DyFP3BM/3YHTQOCUL/w0OZHR0lpKeGrxotcHWcqNEdnltqFwXVfhEBQ94eIo34AfQpo0rGki4cyIiftY06h2Fg==}
    engines: {node: 6.* || 8.* || >= 10.*}

  has-flag@4.0.0:
    resolution: {integrity: sha512-EykJT/Q1KjTWctppgIAgfSO0tKVuZUjhgMr17kqTumMl6Afv3EISleU7qZUzoXDFTAHTDC4NOoG/ZxU3EvlMPQ==}
    engines: {node: '>=8'}

  html-entities@2.6.0:
    resolution: {integrity: sha512-kig+rMn/QOVRvr7c86gQ8lWXq+Hkv6CbAH1hLu+RG338StTpE8Z0b44SDVaqVu7HGKf27frdmUYEs9hTUX/cLQ==}

  ieee754@1.2.1:
    resolution: {integrity: sha512-dcyqhDvX1C46lXZcVqCpK+FtMRQVdIMN6/Df5js2zouUsqG7I6sFxitIC+7KYK29KdXOLHdu9zL4sFnoVQnqaA==}

  is-fullwidth-code-point@3.0.0:
    resolution: {integrity: sha512-zymm5+u+sCsSWyD9qNaejV3DFvhCKclKdizYaJUuHA83RLjb7nSuGnddCHGv0hk+KY7BMAlsWeK4Ueg6EV6XQg==}
    engines: {node: '>=8'}

  jiti@2.4.2:
    resolution: {integrity: sha512-rg9zJN+G4n2nfJl5MW3BMygZX56zKPNVEYYqq7adpmMh4Jn2QNEwhvQlFy6jPVdcod7txZtKHWnyZiA3a0zP7A==}
    hasBin: true

  lodash@4.17.21:
    resolution: {integrity: sha512-v2kDEe57lecTulaDIuNTPy3Ry4gLGJ6Z1O3vE1krgXZNrsQ+LFTGHVxVjcXPs17LhbZVGedAJv8XZ1tvj5FvSg==}

  ms@2.1.3:
    resolution: {integrity: sha512-6FlzubTLZG3J2a/NVCAleEhjzq5oxgHyaCU9yYXvcLsvoVaHJq/s5xXI6/XXP6tz7R9xAOtHnSO/tXtF3WRTlA==}

  pnpm@10.28.2:
    resolution: {integrity: sha512-QYcvA3rSL3NI47Heu69+hnz9RI8nJtnPdMCPGVB8MdLI56EVJbmD/rwt9kC1Q43uYCPrsfhO1DzC1lTSvDJiZA==}
    engines: {node: '>=18.12'}
    hasBin: true

  react-dom@19.1.0:
    resolution: {integrity: sha512-Xs1hdnE+DyKgeHJeJznQmYMIBG3TKIHJJT95Q58nHLSrElKlGQqDTR2HQ9fx5CN/Gk6Vh/kupBTDLU11/nDk/g==}
    peerDependencies:
      react: ^19.1.0

  react-refresh@0.17.0:
    resolution: {integrity: sha512-z6F7K9bV85EfseRCp2bzrpyQ0Gkw1uLoCel9XBVWPg/TjRj94SkJzUTGfOa4bs7iJvBWtQG0Wq7wnI0syw3EBQ==}
    engines: {node: '>=0.10.0'}

  react@19.1.0:
    resolution: {integrity: sha512-FS+XFBNvn3GTAWq26joslQgWNoFu08F4kl0J4CgdNKADkdSGXQyTCnKteIAJy96Br6YbpEU1LSzV5dYtjMkMDg==}
    engines: {node: '>=0.10.0'}

  require-directory@2.1.1:
    resolution: {integrity: sha512-fGxEI7+wsG9xrvdjsrlmL22OMTTiHRwAMroiEeMgq8gzoLC/PQr7RsRDSTLUg/bZAZtF+TVIkHc6/4RIKrui+Q==}
    engines: {node: '>=0.10.0'}

  rxjs@7.8.2:
    resolution: {integrity: sha512-dhKf903U/PQZY6boNNtAGdWbG85WAbjT/1xYoZIC7FAY0yWapOBQVsVrDl58W86//e1VpMNBtRV4MaXfdMySFA==}

  scheduler@0.26.0:
    resolution: {integrity: sha512-NlHwttCI/l5gCPR3D1nNXtWABUmBwvZpEQiD4IXSbIDq8BzLIK/7Ir5gTFSGZDUu37K5cMNp0hFtzO38sC7gWA==}

  shell-quote@1.8.2:
    resolution: {integrity: sha512-AzqKpGKjrj7EM6rKVQEPpB288oCfnrEIuyoT9cyF4nmGa7V8Zk6f7RRqYisX8X9m+Q7bd632aZW4ky7EhbQztA==}
    engines: {node: '>= 0.4'}

  stackframe@1.3.4:
    resolution: {integrity: sha512-oeVtt7eWQS+Na6F//S4kJ2K2VbRlS9D43mAlMyVpVWovy9o+jfgH8O9agzANzaiLjclA0oYzUXEM4PurhSUChw==}

  string-width@4.2.3:
    resolution: {integrity: sha512-wKyQRQpjJ0sIp62ErSZdGsjMJWsap5oRNihHhu6G7JVO/9jIB6UyevL+tXuOqrng8j/cxKTWyWUwvSTriiZz/g==}
    engines: {node: '>=8'}

  strip-ansi@6.0.1:
    resolution: {integrity: sha512-Y38VPSHcqkFrCpFnQ9vuSXmquuv5oXOKpGeT6aGrr3o3Gc9AlVa6JBfUSOCnbxGGZF+/0ooI7KrPuUSztUdU5A==}
    engines: {node: '>=8'}

  strtok3@10.3.4:
    resolution: {integrity: sha512-KIy5nylvC5le1OdaaoCJ07L+8iQzJHGH6pWDuzS+d07Cu7n1MZ2x26P8ZKIWfbK02+XIL8Mp4RkWeqdUCrDMfg==}
    engines: {node: '>=18'}

  supports-color@7.2.0:
    resolution: {integrity: sha512-qpCAvRl9stuOHveKsn7HncJRvv501qIacKzQlO/+Lwxc9+0q2wLyv4Dfvt80/DPn2pqOBsJdDiogXGR9+OvwRw==}
    engines: {node: '>=8'}

  supports-color@8.1.1:
    resolution: {integrity: sha512-MpUEN2OodtUzxvKQl72cUF7RQ5EiHsGvSsVG0ia9c5RbWGL2CI4C7EpPS8UTBIplnlzZiNuV56w+FuNxy3ty2Q==}
    engines: {node: '>=10'}

  token-types@6.1.2:
    resolution: {integrity: sha512-dRXchy+C0IgK8WPC6xvCHFRIWYUbqqdEIKPaKo/AcTUNzwLTK6AH7RjdLWsEZcAN/TBdtfUw3PYEgPr5VPr6ww==}
    engines: {node: '>=14.16'}

  tree-kill@1.2.2:
    resolution: {integrity: sha512-L0Orpi8qGpRG//Nd+H90vFB+3iHnue1zSSGmNOOCh1GLJ7rUKVwV2HvijphGQS2UmhUZewS9VgvxYIdgr+fG1A==}
    hasBin: true

  tslib@2.8.1:
    resolution: {integrity: sha512-oJFu94HQb+KVduSUQL7wnpmqnfmLsOA/nAh6b6EH0wCEoK0/mPeXU6c3wKDV83MkOuHPRHtSXKKU99IBazS/2w==}

  typescript@5.8.3:
    resolution: {integrity: sha512-p1diW6TqL9L07nNxvRMM7hMMw4c5XOo/1ibL4aAIGmSAt9slTE1Xgw5KWuof2uTOvCg9BY7ZRi+GaF+7sfgPeQ==}
    engines: {node: '>=14.17'}
    hasBin: true

  uint8array-extras@1.5.0:
    resolution: {integrity: sha512-rvKSBiC5zqCCiDZ9kAOszZcDvdAHwwIKJG33Ykj43OKcWsnmcBRL09YTU4nOeHZ8Y2a7l1MgTd08SBe9A8Qj6A==}
    engines: {node: '>=18'}

  wrap-ansi@7.0.0:
    resolution: {integrity: sha512-YVGIj2kamLSTxw6NsZjoBxfSwsn0ycdesmc4p+Q21c5zPuZ1pl+NfxVdxPtdHvmNVOQ6XSYG4AUtyt/Fi7D16Q==}
    engines: {node: '>=10'}

  y18n@5.0.8:
    resolution: {integrity: sha512-0pfFzegeDWJHJIAmTLRP2DwHjdF5s7jo9tuztdQxAhINCdvS+3nGINqPd00AphqJR/0LhANUS6/+7SCb98YOfA==}
    engines: {node: '>=10'}

  yargs-parser@21.1.1:
    resolution: {integrity: sha512-tVpsJW7DdjecAiFpbIB1e3qxIQsE6NoPc5/eTdrbbIC4h0LVsWhnoa3g+m2HclBIujHzsxZ4VJVA+GUuc2/LBw==}
    engines: {node: '>=12'}

  yargs@17.7.2:
    resolution: {integrity: sha512-7dSzzRQ++CKnNI/krKnYRV7JKKPUXMEh61soaHKg9mrWEhzFWhFnxPxGl+69cD1Ou63C13NUPCnmIcrvqCuM6w==}
    engines: {node: '>=12'}

snapshots:

  '@borewit/text-codec@0.2.1': {}

  '@module-federation/error-codes@0.11.2': {}

  '@module-federation/runtime-core@0.11.2':
    dependencies:
      '@module-federation/error-codes': 0.11.2
      '@module-federation/sdk': 0.11.2

  '@module-federation/runtime-tools@0.11.2':
    dependencies:
      '@module-federation/runtime': 0.11.2
      '@module-federation/webpack-bundler-runtime': 0.11.2

  '@module-federation/runtime@0.11.2':
    dependencies:
      '@module-federation/error-codes': 0.11.2
      '@module-federation/runtime-core': 0.11.2
      '@module-federation/sdk': 0.11.2

  '@module-federation/sdk@0.11.2': {}

  '@module-federation/webpack-bundler-runtime@0.11.2':
    dependencies:
      '@module-federation/runtime': 0.11.2
      '@module-federation/sdk': 0.11.2

  '@rsbuild/core@1.3.6':
    dependencies:
      '@rspack/core': 1.3.4(@swc/helpers@0.5.17)
      '@rspack/lite-tapable': 1.0.1
      '@swc/helpers': 0.5.17
      core-js: 3.41.0
      jiti: 2.4.2
    transitivePeerDependencies:
      - '@rspack/tracing'

  '@rsbuild/plugin-react@1.2.0(@rsbuild/core@1.3.6)':
    dependencies:
      '@rsbuild/core': 1.3.6
      '@rspack/plugin-react-refresh': 1.2.0(react-refresh@0.17.0)
      react-refresh: 0.17.0
    transitivePeerDependencies:
      - webpack-hot-middleware

  '@rspack/binding-darwin-arm64@1.3.4':
    optional: true

  '@rspack/binding-darwin-x64@1.3.4':
    optional: true

  '@rspack/binding-linux-arm64-gnu@1.3.4':
    optional: true

  '@rspack/binding-linux-arm64-musl@1.3.4':
    optional: true

  '@rspack/binding-linux-x64-gnu@1.3.4':
    optional: true

  '@rspack/binding-linux-x64-musl@1.3.4':
    optional: true

  '@rspack/binding-win32-arm64-msvc@1.3.4':
    optional: true

  '@rspack/binding-win32-ia32-msvc@1.3.4':
    optional: true

  '@rspack/binding-win32-x64-msvc@1.3.4':
    optional: true

  '@rspack/binding@1.3.4':
    optionalDependencies:
      '@rspack/binding-darwin-arm64': 1.3.4
      '@rspack/binding-darwin-x64': 1.3.4
      '@rspack/binding-linux-arm64-gnu': 1.3.4
      '@rspack/binding-linux-arm64-musl': 1.3.4
      '@rspack/binding-linux-x64-gnu': 1.3.4
      '@rspack/binding-linux-x64-musl': 1.3.4
      '@rspack/binding-win32-arm64-msvc': 1.3.4
      '@rspack/binding-win32-ia32-msvc': 1.3.4
      '@rspack/binding-win32-x64-msvc': 1.3.4

  '@rspack/core@1.3.4(@swc/helpers@0.5.17)':
    dependencies:
      '@module-federation/runtime-tools': 0.11.2
      '@rspack/binding': 1.3.4
      '@rspack/lite-tapable': 1.0.1
      caniuse-lite: 1.0.30001713
    optionalDependencies:
      '@swc/helpers': 0.5.17

  '@rspack/lite-tapable@1.0.1': {}

  '@rspack/plugin-react-refresh@1.2.0(react-refresh@0.17.0)':
    dependencies:
      error-stack-parser: 2.1.4
      html-entities: 2.6.0
      react-refresh: 0.17.0

  '@swc/helpers@0.5.17':
    dependencies:
      tslib: 2.8.1

  '@tokenizer/inflate@0.4.1':
    dependencies:
      debug: 4.4.3
      token-types: 6.1.2
    transitivePeerDependencies:
      - supports-color

  '@tokenizer/token@0.3.0': {}

  '@types/react-dom@19.1.2(@types/react@19.1.1)':
    dependencies:
      '@types/react': 19.1.1

  '@types/react@19.1.1':
    dependencies:
      csstype: 3.1.3

  ansi-regex@5.0.1: {}

  ansi-styles@4.3.0:
    dependencies:
      color-convert: 2.0.1

  caniuse-lite@1.0.30001713: {}

  chalk@4.1.2:
    dependencies:
      ansi-styles: 4.3.0
      supports-color: 7.2.0

  cliui@8.0.1:
    dependencies:
      string-width: 4.2.3
      strip-ansi: 6.0.1
      wrap-ansi: 7.0.0

  color-convert@2.0.1:
    dependencies:
      color-name: 1.1.4

  color-name@1.1.4: {}

  concurrently@9.1.2:
    dependencies:
      chalk: 4.1.2
      lodash: 4.17.21
      rxjs: 7.8.2
      shell-quote: 1.8.2
      supports-color: 8.1.1
      tree-kill: 1.2.2
      yargs: 17.7.2

  core-js@3.41.0: {}

  csstype@3.1.3: {}

  debug@4.4.3:
    dependencies:
      ms: 2.1.3

  emoji-regex@8.0.0: {}

  error-stack-parser@2.1.4:
    dependencies:
      stackframe: 1.3.4

  escalade@3.2.0: {}

  file-type@21.3.1:
    dependencies:
      '@tokenizer/inflate': 0.4.1
      strtok3: 10.3.4
      token-types: 6.1.2
      uint8array-extras: 1.5.0
    transitivePeerDependencies:
      - supports-color

  get-caller-file@2.0.5: {}

  has-flag@4.0.0: {}

  html-entities@2.6.0: {}

  ieee754@1.2.1: {}

  is-fullwidth-code-point@3.0.0: {}

  jiti@2.4.2: {}

  lodash@4.17.21: {}

  ms@2.1.3: {}

  pnpm@10.28.2: {}

  react-dom@19.1.0(react@19.1.0):
    dependencies:
      react: 19.1.0
      scheduler: 0.26.0

  react-refresh@0.17.0: {}

  react@19.1.0: {}

  require-directory@2.1.1: {}

  rxjs@7.8.2:
    dependencies:
      tslib: 2.8.1

  scheduler@0.26.0: {}

  shell-quote@1.8.2: {}

  stackframe@1.3.4: {}

  string-width@4.2.3:
    dependencies:
      emoji-regex: 8.0.0
      is-fullwidth-code-point: 3.0.0
      strip-ansi: 6.0.1

  strip-ansi@6.0.1:
    dependencies:
      ansi-regex: 5.0.1

  strtok3@10.3.4:
    dependencies:
      '@tokenizer/token': 0.3.0

  supports-color@7.2.0:
    dependencies:
      has-flag: 4.0.0

  supports-color@8.1.1:
    dependencies:
      has-flag: 4.0.0

  token-types@6.1.2:
    dependencies:
      '@borewit/text-codec': 0.2.1
      '@tokenizer/token': 0.3.0
      ieee754: 1.2.1

  tree-kill@1.2.2: {}

  tslib@2.8.1: {}

  typescript@5.8.3: {}

  uint8array-extras@1.5.0: {}

  wrap-ansi@7.0.0:
    dependencies:
      ansi-styles: 4.3.0
      string-width: 4.2.3
      strip-ansi: 6.0.1

  y18n@5.0.8: {}

  yargs-parser@21.1.1: {}

  yargs@17.7.2:
    dependencies:
      cliui: 8.0.1
      escalade: 3.2.0
      get-caller-file: 2.0.5
      require-directory: 2.1.1
      string-width: 4.2.3
      y18n: 5.0.8
      yargs-parser: 21.1.1
